<?xml version="1.0" encoding="utf-8"?>
<Project ToolsVersion="4.0" xmlns="http://schemas.microsoft.com/developer/msbuild/2003">
  <ItemGroup>
    <Filter Include="header">
      <UniqueIdentifier>{AE18D201-9ABA-FCD7-8375-102C6FB68328}</UniqueIdentifier>
    </Filter>
    <Filter Include="source">
      <UniqueIdentifier>{76FF3A1C-62A1-65F2-4B5C-7946379DEC42}</UniqueIdentifier>
    </Filter>
  </ItemGroup>
  <ItemGroup>
    <ClInclude Include="header\Application.h">
      <Filter>header</Filter>
    </ClInclude>
    <ClInclude Include="header\Core.h">
      <Filter>header</Filter>
    </ClInclude>
    <ClInclude Include="header\EntryPoint.h">
      <Filter>header</Filter>
    </ClInclude>
    <ClInclude Include="header\Log.h">
      <Filter>header</Filter>
    </ClInclude>
    <ClInclude Include="header\nyl_window.h">
      <Filter>header</Filter>
    </ClInclude>
  </ItemGroup>
  <ItemGroup>
    <ClCompile Include="source\Application.cpp">
      <Filter>source</Filter>
    </ClCompile>
    <ClCompile Include="source\Log.cpp">
      <Filter>source</Filter>
    </ClCompile>
    <ClCompile Include="source\nyl_window.cpp">
      <Filter>source</Filter>
    </ClCompile>
  </ItemGroup>
</Project>